
Microsoft Visual Studio Solution File, Format Version 12.00
# Visual Studio Version 16
VisualStudioVersion = 16.0.31321.278
MinimumVisualStudioVersion = 10.0.40219.1
Project("{9A19103F-16F7-4668-BE54-9A1E7A4F7556}") = "SimpleTrader.Domain", "SimpleTrader.Domain\SimpleTrader.Domain.csproj", "{52606E68-765F-4E60-BCF2-7420DB5A6227}"
EndProject
Project("{9A19103F-16F7-4668-BE54-9A1E7A4F7556}") = "SimpleTrader.EntityFrameworkCore", "SimpleTrader.EntityFrameworkCore\SimpleTrader.EntityFrameworkCore.csproj", "{407DCEA4-589B-46A7-ABB6-0C6D74821CCE}"
EndProject
Project("{9A19103F-16F7-4668-BE54-9A1E7A4F7556}") = "SimpleTraderTestsConsole", "SimpleTraderTestsConsole\SimpleTraderTestsConsole.csproj", "{6CC94402-D168-4188-92CC-EF1B46E97937}"
EndProject
Project("{FAE04EC0-301F-11D3-BF4B-00C04F79EFBC}") = "SimpleTrader.WPF", "SimpleTrader.WPF\SimpleTrader.WPF.csproj", "{D6773182-85A4-4F50-95DA-0DBD8C3EA359}"
EndProject
Project("{2150E333-8FDC-42A3-9474-1A3956D46DE8}") = "Tests", "Tests", "{483F2151-182A-49B1-9BDA-89DBB7CB5620}"
EndProject
Global
	GlobalSection(SolutionConfigurationPlatforms) = preSolution
		Debug|Any CPU = Debug|Any CPU
		Release|Any CPU = Release|Any CPU
	EndGlobalSection
	GlobalSection(ProjectConfigurationPlatforms) = postSolution
		{52606E68-765F-4E60-BCF2-7420DB5A6227}.Debug|Any CPU.ActiveCfg = Debug|Any CPU
		{52606E68-765F-4E60-BCF2-7420DB5A6227}.Debug|Any CPU.Build.0 = Debug|Any CPU
		{52606E68-765F-4E60-BCF2-7420DB5A6227}.Release|Any CPU.ActiveCfg = Release|Any CPU
		{52606E68-765F-4E60-BCF2-7420DB5A6227}.Release|Any CPU.Build.0 = Release|Any CPU
		{407DCEA4-589B-46A7-ABB6-0C6D74821CCE}.Debug|Any CPU.ActiveCfg = Debug|Any CPU
		{407DCEA4-589B-46A7-ABB6-0C6D74821CCE}.Debug|Any CPU.Build.0 = Debug|Any CPU
		{407DCEA4-589B-46A7-ABB6-0C6D74821CCE}.Release|Any CPU.ActiveCfg = Release|Any CPU
		{407DCEA4-589B-46A7-ABB6-0C6D74821CCE}.Release|Any CPU.Build.0 = Release|Any CPU
		{6CC94402-D168-4188-92CC-EF1B46E97937}.Debug|Any CPU.ActiveCfg = Debug|Any CPU
		{6CC94402-D168-4188-92CC-EF1B46E97937}.Debug|Any CPU.Build.0 = Debug|Any CPU
		{6CC94402-D168-4188-92CC-EF1B46E97937}.Release|Any CPU.ActiveCfg = Release|Any CPU
		{6CC94402-D168-4188-92CC-EF1B46E97937}.Release|Any CPU.Build.0 = Release|Any CPU
		{D6773182-85A4-4F50-95DA-0DBD8C3EA359}.Debug|Any CPU.ActiveCfg = Debug|Any CPU
		{D6773182-85A4-4F50-95DA-0DBD8C3EA359}.Debug|Any CPU.Build.0 = Debug|Any CPU
		{D6773182-85A4-4F50-95DA-0DBD8C3EA359}.Release|Any CPU.ActiveCfg = Release|Any CPU
		{D6773182-85A4-4F50-95DA-0DBD8C3EA359}.Release|Any CPU.Build.0 = Release|Any CPU
	EndGlobalSection
	GlobalSection(SolutionProperties) = preSolution
		HideSolutionNode = FALSE
	EndGlobalSection
	GlobalSection(NestedProjects) = preSolution
		{6CC94402-D168-4188-92CC-EF1B46E97937} = {483F2151-182A-49B1-9BDA-89DBB7CB5620}
	EndGlobalSection
	GlobalSection(ExtensibilityGlobals) = postSolution
		SolutionGuid = {EFCCBE09-F60D-4A65-A196-01D8B6E49CFE}
	EndGlobalSection
EndGlobal
